
Microsoft Visual Studio Solution File, Format Version 12.00
# Visual Studio 15
VisualStudioVersion = 15.0.27130.2020
MinimumVisualStudioVersion = 10.0.40219.1
Project("{FAE04EC0-301F-11D3-BF4B-00C04F79EFBC}") = "SALARIO", "SALARIO\SALARIO.csproj", "{390A0395-CC27-470D-AE8C-ECD5CEED96AE}"
EndProject
Global
	GlobalSection(SolutionConfigurationPlatforms) = preSolution
		Debug|Any CPU = Debug|Any CPU
		Release|Any CPU = Release|Any CPU
	EndGlobalSection
	GlobalSection(ProjectConfigurationPlatforms) = postSolution
		{390A0395-CC27-470D-AE8C-ECD5CEED96AE}.Debug|Any CPU.ActiveCfg = Debug|Any CPU
		{390A0395-CC27-470D-AE8C-ECD5CEED96AE}.Debug|Any CPU.Build.0 = Debug|Any CPU
		{390A0395-CC27-470D-AE8C-ECD5CEED96AE}.Release|Any CPU.ActiveCfg = Release|Any CPU
		{390A0395-CC27-470D-AE8C-ECD5CEED96AE}.Release|Any CPU.Build.0 = Release|Any CPU
	EndGlobalSection
	GlobalSection(SolutionProperties) = preSolution
		HideSolutionNode = FALSE
	EndGlobalSection
	GlobalSection(ExtensibilityGlobals) = postSolution
		SolutionGuid = {AB934210-41C1-442E-A30C-5F3F3941AFF5}
	EndGlobalSection
EndGlobal
