
Microsoft Visual Studio Solution File, Format Version 12.00
# Visual Studio 15
VisualStudioVersion = 15.0.27130.2027
MinimumVisualStudioVersion = 10.0.40219.1
Project("{FAE04EC0-301F-11D3-BF4B-00C04F79EFBC}") = "Repositorio", "Repositorio\Repositorio.csproj", "{F8690DEA-0158-4671-8AAF-99EABB12D869}"
EndProject
Project("{FAE04EC0-301F-11D3-BF4B-00C04F79EFBC}") = "WinCRUD", "WinCRUD\WinCRUD.csproj", "{73D86F01-A10D-4AA5-BA99-0574C69E2B1C}"
EndProject
Global
	GlobalSection(SolutionConfigurationPlatforms) = preSolution
		Debug|Any CPU = Debug|Any CPU
		Release|Any CPU = Release|Any CPU
	EndGlobalSection
	GlobalSection(ProjectConfigurationPlatforms) = postSolution
		{F8690DEA-0158-4671-8AAF-99EABB12D869}.Debug|Any CPU.ActiveCfg = Debug|Any CPU
		{F8690DEA-0158-4671-8AAF-99EABB12D869}.Debug|Any CPU.Build.0 = Debug|Any CPU
		{F8690DEA-0158-4671-8AAF-99EABB12D869}.Release|Any CPU.ActiveCfg = Release|Any CPU
		{F8690DEA-0158-4671-8AAF-99EABB12D869}.Release|Any CPU.Build.0 = Release|Any CPU
		{73D86F01-A10D-4AA5-BA99-0574C69E2B1C}.Debug|Any CPU.ActiveCfg = Debug|Any CPU
		{73D86F01-A10D-4AA5-BA99-0574C69E2B1C}.Debug|Any CPU.Build.0 = Debug|Any CPU
		{73D86F01-A10D-4AA5-BA99-0574C69E2B1C}.Release|Any CPU.ActiveCfg = Release|Any CPU
		{73D86F01-A10D-4AA5-BA99-0574C69E2B1C}.Release|Any CPU.Build.0 = Release|Any CPU
	EndGlobalSection
	GlobalSection(SolutionProperties) = preSolution
		HideSolutionNode = FALSE
	EndGlobalSection
	GlobalSection(ExtensibilityGlobals) = postSolution
		SolutionGuid = {1651EE03-4F77-4844-B6B4-BBCC088F876F}
	EndGlobalSection
EndGlobal
