
Microsoft Visual Studio Solution File, Format Version 12.00
# Visual Studio 15
VisualStudioVersion = 15.0.27130.2024
MinimumVisualStudioVersion = 10.0.40219.1
Project("{FAE04EC0-301F-11D3-BF4B-00C04F79EFBC}") = "variaveis", "variaveis\variaveis.csproj", "{6B91B2E4-134B-48A5-BD4F-B704AE0F1FBF}"
EndProject
Global
	GlobalSection(SolutionConfigurationPlatforms) = preSolution
		Debug|Any CPU = Debug|Any CPU
		Release|Any CPU = Release|Any CPU
	EndGlobalSection
	GlobalSection(ProjectConfigurationPlatforms) = postSolution
		{6B91B2E4-134B-48A5-BD4F-B704AE0F1FBF}.Debug|Any CPU.ActiveCfg = Debug|Any CPU
		{6B91B2E4-134B-48A5-BD4F-B704AE0F1FBF}.Debug|Any CPU.Build.0 = Debug|Any CPU
		{6B91B2E4-134B-48A5-BD4F-B704AE0F1FBF}.Release|Any CPU.ActiveCfg = Release|Any CPU
		{6B91B2E4-134B-48A5-BD4F-B704AE0F1FBF}.Release|Any CPU.Build.0 = Release|Any CPU
	EndGlobalSection
	GlobalSection(SolutionProperties) = preSolution
		HideSolutionNode = FALSE
	EndGlobalSection
	GlobalSection(ExtensibilityGlobals) = postSolution
		SolutionGuid = {0CB76FFF-BEC6-48E5-A87A-6BCB383AFA26}
	EndGlobalSection
EndGlobal
