
Microsoft Visual Studio Solution File, Format Version 12.00
# Visual Studio 15
VisualStudioVersion = 15.0.27130.2020
MinimumVisualStudioVersion = 10.0.40219.1
Project("{FAE04EC0-301F-11D3-BF4B-00C04F79EFBC}") = "switch", "switch\switch.csproj", "{E21D7A1C-A16D-43E6-9F0E-4A8DF4668778}"
EndProject
Global
	GlobalSection(SolutionConfigurationPlatforms) = preSolution
		Debug|Any CPU = Debug|Any CPU
		Release|Any CPU = Release|Any CPU
	EndGlobalSection
	GlobalSection(ProjectConfigurationPlatforms) = postSolution
		{E21D7A1C-A16D-43E6-9F0E-4A8DF4668778}.Debug|Any CPU.ActiveCfg = Debug|Any CPU
		{E21D7A1C-A16D-43E6-9F0E-4A8DF4668778}.Debug|Any CPU.Build.0 = Debug|Any CPU
		{E21D7A1C-A16D-43E6-9F0E-4A8DF4668778}.Release|Any CPU.ActiveCfg = Release|Any CPU
		{E21D7A1C-A16D-43E6-9F0E-4A8DF4668778}.Release|Any CPU.Build.0 = Release|Any CPU
	EndGlobalSection
	GlobalSection(SolutionProperties) = preSolution
		HideSolutionNode = FALSE
	EndGlobalSection
	GlobalSection(ExtensibilityGlobals) = postSolution
		SolutionGuid = {3D0FC961-281C-4C1F-BCB0-002AF1B6B3CE}
	EndGlobalSection
EndGlobal
