
Microsoft Visual Studio Solution File, Format Version 12.00
# Visual Studio 15
VisualStudioVersion = 15.0.27130.2020
MinimumVisualStudioVersion = 10.0.40219.1
Project("{FAE04EC0-301F-11D3-BF4B-00C04F79EFBC}") = "EXERCICIO-BANCO", "EXERCICIO-BANCO\EXERCICIO-BANCO.csproj", "{EFA1AC86-BD73-4941-B6E0-BB6AF6B5FF58}"
EndProject
Global
	GlobalSection(SolutionConfigurationPlatforms) = preSolution
		Debug|Any CPU = Debug|Any CPU
		Release|Any CPU = Release|Any CPU
	EndGlobalSection
	GlobalSection(ProjectConfigurationPlatforms) = postSolution
		{EFA1AC86-BD73-4941-B6E0-BB6AF6B5FF58}.Debug|Any CPU.ActiveCfg = Debug|Any CPU
		{EFA1AC86-BD73-4941-B6E0-BB6AF6B5FF58}.Debug|Any CPU.Build.0 = Debug|Any CPU
		{EFA1AC86-BD73-4941-B6E0-BB6AF6B5FF58}.Release|Any CPU.ActiveCfg = Release|Any CPU
		{EFA1AC86-BD73-4941-B6E0-BB6AF6B5FF58}.Release|Any CPU.Build.0 = Release|Any CPU
	EndGlobalSection
	GlobalSection(SolutionProperties) = preSolution
		HideSolutionNode = FALSE
	EndGlobalSection
	GlobalSection(ExtensibilityGlobals) = postSolution
		SolutionGuid = {18A15F67-23C9-466B-9F49-B40D250FA138}
	EndGlobalSection
EndGlobal
