
Microsoft Visual Studio Solution File, Format Version 12.00
# Visual Studio 15
VisualStudioVersion = 15.0.27130.2020
MinimumVisualStudioVersion = 10.0.40219.1
Project("{FAE04EC0-301F-11D3-BF4B-00C04F79EFBC}") = "lists", "lists\lists.csproj", "{842AA0B9-392D-4180-BEB8-F56CE573B468}"
EndProject
Global
	GlobalSection(SolutionConfigurationPlatforms) = preSolution
		Debug|Any CPU = Debug|Any CPU
		Release|Any CPU = Release|Any CPU
	EndGlobalSection
	GlobalSection(ProjectConfigurationPlatforms) = postSolution
		{842AA0B9-392D-4180-BEB8-F56CE573B468}.Debug|Any CPU.ActiveCfg = Debug|Any CPU
		{842AA0B9-392D-4180-BEB8-F56CE573B468}.Debug|Any CPU.Build.0 = Debug|Any CPU
		{842AA0B9-392D-4180-BEB8-F56CE573B468}.Release|Any CPU.ActiveCfg = Release|Any CPU
		{842AA0B9-392D-4180-BEB8-F56CE573B468}.Release|Any CPU.Build.0 = Release|Any CPU
	EndGlobalSection
	GlobalSection(SolutionProperties) = preSolution
		HideSolutionNode = FALSE
	EndGlobalSection
	GlobalSection(ExtensibilityGlobals) = postSolution
		SolutionGuid = {0F4375A2-5212-40F3-8148-A9AC9710DC39}
	EndGlobalSection
EndGlobal
