
Microsoft Visual Studio Solution File, Format Version 12.00
# Visual Studio 15
VisualStudioVersion = 15.0.27130.2027
MinimumVisualStudioVersion = 10.0.40219.1
Project("{FAE04EC0-301F-11D3-BF4B-00C04F79EFBC}") = "Clientes-WinForms", "Clientes-WinForms\Clientes-WinForms.csproj", "{C1EA49AE-2E48-4E24-8781-81A0CA1943F4}"
EndProject
Global
	GlobalSection(SolutionConfigurationPlatforms) = preSolution
		Debug|Any CPU = Debug|Any CPU
		Release|Any CPU = Release|Any CPU
	EndGlobalSection
	GlobalSection(ProjectConfigurationPlatforms) = postSolution
		{C1EA49AE-2E48-4E24-8781-81A0CA1943F4}.Debug|Any CPU.ActiveCfg = Debug|Any CPU
		{C1EA49AE-2E48-4E24-8781-81A0CA1943F4}.Debug|Any CPU.Build.0 = Debug|Any CPU
		{C1EA49AE-2E48-4E24-8781-81A0CA1943F4}.Release|Any CPU.ActiveCfg = Release|Any CPU
		{C1EA49AE-2E48-4E24-8781-81A0CA1943F4}.Release|Any CPU.Build.0 = Release|Any CPU
	EndGlobalSection
	GlobalSection(SolutionProperties) = preSolution
		HideSolutionNode = FALSE
	EndGlobalSection
	GlobalSection(ExtensibilityGlobals) = postSolution
		SolutionGuid = {5B18EBF7-B083-4F41-B720-8D00D116ABA6}
	EndGlobalSection
EndGlobal
