
Microsoft Visual Studio Solution File, Format Version 12.00
# Visual Studio 15
VisualStudioVersion = 15.0.27130.2020
MinimumVisualStudioVersion = 10.0.40219.1
Project("{FAE04EC0-301F-11D3-BF4B-00C04F79EFBC}") = "MEDIA_ALUNOS", "MEDIA_ALUNOS\MEDIA_ALUNOS.csproj", "{67FFF6E2-E81F-4ACC-A2BF-B5FEF134ECCA}"
EndProject
Global
	GlobalSection(SolutionConfigurationPlatforms) = preSolution
		Debug|Any CPU = Debug|Any CPU
		Release|Any CPU = Release|Any CPU
	EndGlobalSection
	GlobalSection(ProjectConfigurationPlatforms) = postSolution
		{67FFF6E2-E81F-4ACC-A2BF-B5FEF134ECCA}.Debug|Any CPU.ActiveCfg = Debug|Any CPU
		{67FFF6E2-E81F-4ACC-A2BF-B5FEF134ECCA}.Debug|Any CPU.Build.0 = Debug|Any CPU
		{67FFF6E2-E81F-4ACC-A2BF-B5FEF134ECCA}.Release|Any CPU.ActiveCfg = Release|Any CPU
		{67FFF6E2-E81F-4ACC-A2BF-B5FEF134ECCA}.Release|Any CPU.Build.0 = Release|Any CPU
	EndGlobalSection
	GlobalSection(SolutionProperties) = preSolution
		HideSolutionNode = FALSE
	EndGlobalSection
	GlobalSection(ExtensibilityGlobals) = postSolution
		SolutionGuid = {9089DB88-7E8F-4F97-81EF-6E3F288D3F41}
	EndGlobalSection
EndGlobal
